
Microsoft Visual Studio Solution File, Format Version 12.00
Project("{FAE04EC0-301F-11D3-BF4B-00C04F79EFBC}") = "CA-Exception-Handling", "CA-Exception-Handling\CA-Exception-Handling.csproj", "{542D35BD-5227-43B3-B8B7-6F3A9C000465}"
EndProject
Global
	GlobalSection(SolutionConfigurationPlatforms) = preSolution
		Debug|Any CPU = Debug|Any CPU
		Release|Any CPU = Release|Any CPU
	EndGlobalSection
	GlobalSection(ProjectConfigurationPlatforms) = postSolution
		{542D35BD-5227-43B3-B8B7-6F3A9C000465}.Debug|Any CPU.ActiveCfg = Debug|Any CPU
		{542D35BD-5227-43B3-B8B7-6F3A9C000465}.Debug|Any CPU.Build.0 = Debug|Any CPU
		{542D35BD-5227-43B3-B8B7-6F3A9C000465}.Release|Any CPU.ActiveCfg = Release|Any CPU
		{542D35BD-5227-43B3-B8B7-6F3A9C000465}.Release|Any CPU.Build.0 = Release|Any CPU
	EndGlobalSection
EndGlobal
